
Microsoft Visual Studio Solution File, Format Version 12.00
# Visual Studio Version 17
VisualStudioVersion = 17.2.32516.85
MinimumVisualStudioVersion = 10.0.40219.1
Project("{FAE04EC0-301F-11D3-BF4B-00C04F79EFBC}") = "KanbanBoardDemo", "KanbanBoardDemo\KanbanBoardDemo.csproj", "{60746255-9B9E-412D-B7B6-34B78E7690AE}"
EndProject
Global
	GlobalSection(SolutionConfigurationPlatforms) = preSolution
		Debug|Any CPU = Debug|Any CPU
		Release|Any CPU = Release|Any CPU
	EndGlobalSection
	GlobalSection(ProjectConfigurationPlatforms) = postSolution
		{60746255-9B9E-412D-B7B6-34B78E7690AE}.Debug|Any CPU.ActiveCfg = Debug|Any CPU
		{60746255-9B9E-412D-B7B6-34B78E7690AE}.Debug|Any CPU.Build.0 = Debug|Any CPU
		{60746255-9B9E-412D-B7B6-34B78E7690AE}.Release|Any CPU.ActiveCfg = Release|Any CPU
		{60746255-9B9E-412D-B7B6-34B78E7690AE}.Release|Any CPU.Build.0 = Release|Any CPU
	EndGlobalSection
	GlobalSection(SolutionProperties) = preSolution
		HideSolutionNode = FALSE
	EndGlobalSection
	GlobalSection(ExtensibilityGlobals) = postSolution
		SolutionGuid = {158A1953-CD20-426E-A91A-F52145F11CCE}
	EndGlobalSection
EndGlobal
